%{"bunt": {:hex, :bunt, "0.1.6", "5d95a6882f73f3b9969fdfd1953798046664e6f77ec4e486e6fafc7caad97c6f", [:mix], []},
  "cowboy": {:hex, :cowboy, "1.1.2", "61ac29ea970389a88eca5a65601460162d370a70018afe6f949a29dca91f3bb0", [:rebar3], [{:cowlib, "~> 1.0.2", [hex: :cowlib, optional: false]}, {:ranch, "~> 1.3.2", [hex: :ranch, optional: false]}]},
  "cowlib": {:hex, :cowlib, "1.0.2", "9d769a1d062c9c3ac753096f868ca121e2730b9a377de23dec0f7e08b1df84ee", [:make], []},
  "credo": {:hex, :credo, "0.5.3", "0c405b36e7651245a8ed63c09e2d52c2e2b89b6d02b1570c4d611e0fcbecf4a2", [:mix], [{:bunt, "~> 0.1.6", [hex: :bunt, optional: false]}]},
  "dialyxir": {:hex, :dialyxir, "0.5.0", "5bc543f9c28ecd51b99cc1a685a3c2a1a93216990347f259406a910cf048d1d7", [:mix], []},
  "distillery": {:hex, :distillery, "1.3.3", "fe6f8f730d61f69e78408c8db6fb9909ae782803c7a03d2abf4465bfe2e408e9", [:mix], []},
  "earmark": {:hex, :earmark, "1.2.0", "bf1ce17aea43ab62f6943b97bd6e3dc032ce45d4f787504e3adf738e54b42f3a", [:mix], []},
  "elixir_make": {:hex, :elixir_make, "0.4.0", "992f38fabe705bb45821a728f20914c554b276838433349d4f2341f7a687cddf", [:mix], []},
  "ex_doc": {:hex, :ex_doc, "0.15.0", "e73333785eef3488cf9144a6e847d3d647e67d02bd6fdac500687854dd5c599f", [:mix], [{:earmark, "~> 1.1", [hex: :earmark, optional: false]}]},
  "exjsx": {:hex, :exjsx, "4.0.0", "60548841e0212df401e38e63c0078ec57b33e7ea49b032c796ccad8cde794b5c", [:mix], [{:jsx, "~> 2.8.0", [hex: :jsx, optional: false]}]},
  "gen_stage": {:hex, :gen_stage, "0.11.0", "943bdfa85c75fa624e0a36a9d135baad20a523be040178f5a215444b45c66ea4", [:mix], []},
  "jsx": {:hex, :jsx, "2.8.2", "7acc7d785b5abe8a6e9adbde926a24e481f29956dd8b4df49e3e4e7bcc92a018", [:mix, :rebar3], []},
  "mime": {:hex, :mime, "1.1.0", "01c1d6f4083d8aa5c7b8c246ade95139620ef8effb009edde934e0ec3b28090a", [:mix], []},
  "nerves": {:hex, :nerves, "0.5.1", "a55d73752e8f271c7aca5fbe47747f07d0e7760b5e858e7f8da17ab06287f49c", [:mix], [{:distillery, "~> 1.0", [hex: :distillery, optional: false]}]},
  "nerves_firmware": {:hex, :nerves_firmware, "0.3.0", "e04dda1dc6ce13bc39f79596a14805e233e5fa78b29e21c2a71eb65691753fe9", [:mix], []},
  "nerves_firmware_http": {:hex, :nerves_firmware_http, "0.3.1", "e6ed2f8aa216df424a18ee56b6160b2aa7df9c3783406c93a61d92efd94acfac", [:mix], [{:cowboy, "~> 1.0", [hex: :cowboy, optional: false]}, {:exjsx, "~> 4.0", [hex: :exjsx, optional: false]}, {:nerves_firmware, "~> 0.3", [hex: :nerves_firmware, optional: false]}]},
  "nerves_networking": {:hex, :nerves_networking, "0.6.0", "6de5fc53951d087c8c61ce4ba74b998313e628ff084cd02c9813eb63a79c647f", [:mix], []},
  "nerves_runtime": {:hex, :nerves_runtime, "0.1.2", "eeceaf6e2091831e8e6f2204c4c3817c98e90f0d4aa646bf0054d4680a0ef0a4", [:make, :mix], [{:elixir_make, "~> 0.3", [hex: :elixir_make, optional: false]}, {:gen_stage, "~> 0.4", [hex: :gen_stage, optional: false]}, {:nerves_uart, "~> 0.1.0", [hex: :nerves_uart, optional: true]}]},
  "nerves_system_br": {:hex, :nerves_system_br, "0.9.4", "5096a9dfec49d4663ccb94c4a4fe45885303fbf31108f7e9400369bdec94b5e7", [:mix], []},
  "nerves_system_rpi": {:git, "https://github.com/amolenaar/nerves_system_rpi.git", "4e192bdb1982aba3d7ca0f12a6140db26dde30f3", [branch: "8192cu"]},
  "nerves_toolchain_armv6_rpi_linux_gnueabi": {:hex, :nerves_toolchain_armv6_rpi_linux_gnueabi, "0.10.0", "a730667fb22710270d3e9fdab8ce7230381c424f65b0381feb693829bc460f80", [:mix], [{:nerves, "~> 0.4", [hex: :nerves, optional: false]}, {:nerves_toolchain_ctng, "~> 0.9", [hex: :nerves_toolchain_ctng, optional: false]}]},
  "nerves_toolchain_ctng": {:hex, :nerves_toolchain_ctng, "0.9.0", "825b2b5bbacc3ad20c8513baafd44978616d5b451e6e052cdb727be81e7cdcac", [:mix], []},
  "plug": {:hex, :plug, "1.3.4", "b4ef3a383f991bfa594552ded44934f2a9853407899d47ecc0481777fb1906f6", [:mix], [{:cowboy, "~> 1.0.1 or ~> 1.1", [hex: :cowboy, optional: true]}, {:mime, "~> 1.0", [hex: :mime, optional: false]}]},
  "plug_redirect": {:hex, :plug_redirect, "0.1.2", "5e6e1b0fc57620122f65d7326b59e1e93ed17359a1403d648bc4bba794a16ec3", [:mix], [{:plug, ">= 1.0.0", [hex: :plug, optional: false]}]},
  "poison": {:hex, :poison, "3.1.0", "d9eb636610e096f86f25d9a46f35a9facac35609a7591b3be3326e99a0484665", [:mix], []},
  "ranch": {:hex, :ranch, "1.3.2", "e4965a144dc9fbe70e5c077c65e73c57165416a901bd02ea899cfd95aa890986", [:rebar3], []}}
