%{"cowboy": {:hex, :cowboy, "1.1.2", "61ac29ea970389a88eca5a65601460162d370a70018afe6f949a29dca91f3bb0", [:rebar3], [{:cowlib, "~> 1.0.2", [hex: :cowlib, optional: false]}, {:ranch, "~> 1.3.2", [hex: :ranch, optional: false]}]},
  "cowlib": {:hex, :cowlib, "1.0.2", "9d769a1d062c9c3ac753096f868ca121e2730b9a377de23dec0f7e08b1df84ee", [:make], []},
  "distillery": {:hex, :distillery, "1.5.1", "7ad7354214959c0f65f57ddd49478c81c3b2733ca2e5ccfb9eb55351108466aa", [:mix], []},
  "elixir_make": {:hex, :elixir_make, "0.4.0", "992f38fabe705bb45821a728f20914c554b276838433349d4f2341f7a687cddf", [:mix], []},
  "eunit_formatters": {:hex, :eunit_formatters, "0.3.1", "7a6fc351eb5b873e2356b8852eb751e20c13a72fbca03393cf682b8483509573", [:rebar3], []},
  "mime": {:hex, :mime, "1.1.0", "01c1d6f4083d8aa5c7b8c246ade95139620ef8effb009edde934e0ec3b28090a", [:mix], []},
  "mix_eunit": {:hex, :mix_eunit, "0.3.0", "0e3e23bbc1f428663ba6c0ce52731ea7bff381fcde1ea9198a1bd83ac26305b2", [:mix], [{:eunit_formatters, "~> 0.3.1", [hex: :eunit_formatters, optional: false]}]},
  "nerves": {:hex, :nerves, "0.7.5", "3aa6a336b2ad6c1c9589cc2b577511b3c4c375c1ba6c533ab9f88adb8c21f0c3", [:mix], [{:distillery, "~> 1.4", [hex: :distillery, optional: false]}]},
  "nerves_dnssd": {:hex, :nerves_dnssd, "0.1.0", "fca2216e82b1ab9736b3868cb8bced9dfa5918b6b97a8ebc30abe0950c9d6d3f", [:make, :mix], [{:elixir_make, "~> 0.4", [hex: :elixir_make, optional: false]}, {:mix_eunit, "~> 0.3.0", [hex: :mix_eunit, optional: false]}]},
  "nerves_firmware": {:hex, :nerves_firmware, "0.4.0", "ac2fed915a7ca4bb69f567d9b742d77cffc3a6a56420ce65e870c8c34119b935", [:mix], []},
  "nerves_firmware_http": {:hex, :nerves_firmware_http, "0.4.1", "6d45916f7dcc2040b40ce47d753f9be436022c356f82e93723b4a30f065fa517", [:mix], [{:cowboy, "~> 1.0", [hex: :cowboy, optional: false]}, {:exjsx, "~> 4.0", [hex: :exjsx, optional: true]}, {:nerves_firmware, "~> 0.4", [hex: :nerves_firmware, optional: false]}]},
  "nerves_network": {:hex, :nerves_network, "0.3.4", "c50a36b8263cda2bee18f408287d0f4474f8367702d170864325abbd5d424e4d", [:make, :mix], [{:elixir_make, "~> 0.4", [hex: :elixir_make, optional: false]}, {:nerves_network_interface, "~> 0.4.0", [hex: :nerves_network_interface, optional: false]}, {:nerves_wpa_supplicant, "~> 0.3.0", [hex: :nerves_wpa_supplicant, optional: false]}, {:system_registry, "~> 0.4", [hex: :system_registry, optional: false]}]},
  "nerves_network_interface": {:hex, :nerves_network_interface, "0.4.2", "7a3663a07803f2f9f1e37146714d24ccec1e9349268586e4ed8c41f38641d837", [:make, :mix], [{:elixir_make, "~> 0.4", [hex: :elixir_make, optional: false]}]},
  "nerves_networking": {:hex, :nerves_networking, "0.6.0", "6de5fc53951d087c8c61ce4ba74b998313e628ff084cd02c9813eb63a79c647f", [:mix], []},
  "nerves_runtime": {:hex, :nerves_runtime, "0.4.4", "26034bc7d13dbd46aab2f429f988656621a4d91872ccf5fa748c16630bd65016", [:make, :mix], [{:elixir_make, "~> 0.4", [hex: :elixir_make, optional: false]}, {:system_registry, "~> 0.5", [hex: :system_registry, optional: false]}]},
  "nerves_system_br": {:hex, :nerves_system_br, "0.13.7", "85399547717c0386a4f2039e3467c14a23c3b77f66a4b97c2a67e48734dab2bb", [:mix], []},
  "nerves_system_rpi": {:hex, :nerves_system_rpi, "0.16.1", "e07a05be05511d778740a6128fc1e8314f8bc7786104df55633572b6fa53439e", [:mix], [{:nerves, "~> 0.7", [hex: :nerves, optional: false]}, {:nerves_system_br, "~> 0.13.7", [hex: :nerves_system_br, optional: false]}, {:nerves_toolchain_armv6_rpi_linux_gnueabi, "~> 0.11.0", [hex: :nerves_toolchain_armv6_rpi_linux_gnueabi, optional: false]}]},
  "nerves_toolchain_armv6_rpi_linux_gnueabi": {:hex, :nerves_toolchain_armv6_rpi_linux_gnueabi, "0.11.0", "74ee72f15baffe773e41bae1baeef3942fc8f97fa47d9d1bf9db07c17eca90bd", [:mix], [{:nerves, "~> 0.7", [hex: :nerves, optional: false]}, {:nerves_toolchain_ctng, "~> 1.1", [hex: :nerves_toolchain_ctng, optional: false]}]},
  "nerves_toolchain_ctng": {:hex, :nerves_toolchain_ctng, "1.1.0", "0f03e4a3f3beef5fe271de0148b9f106c417e57f303f635c21c74b4bd6eb68ee", [:mix], []},
  "nerves_wpa_supplicant": {:hex, :nerves_wpa_supplicant, "0.3.2", "19dc7e1248336e7f542b11b2b857ceb5b088d3eb41a6ca75b7b76628dcf67aad", [:make, :mix], [{:elixir_make, "~> 0.3", [hex: :elixir_make, optional: false]}]},
  "plug": {:hex, :plug, "1.3.5", "7503bfcd7091df2a9761ef8cecea666d1f2cc454cbbaf0afa0b6e259203b7031", [:mix], [{:cowboy, "~> 1.0.1 or ~> 1.1", [hex: :cowboy, optional: true]}, {:mime, "~> 1.0", [hex: :mime, optional: false]}]},
  "plug_redirect": {:hex, :plug_redirect, "0.1.2", "5e6e1b0fc57620122f65d7326b59e1e93ed17359a1403d648bc4bba794a16ec3", [:mix], [{:plug, ">= 1.0.0", [hex: :plug, optional: false]}]},
  "poison": {:hex, :poison, "3.1.0", "d9eb636610e096f86f25d9a46f35a9facac35609a7591b3be3326e99a0484665", [:mix], []},
  "ranch": {:hex, :ranch, "1.3.2", "e4965a144dc9fbe70e5c077c65e73c57165416a901bd02ea899cfd95aa890986", [:rebar3], []},
  "system_registry": {:hex, :system_registry, "0.6.0", "31642177e6002d3cff2ada3553ed4e9c0a6ca015797d62d7d17c0ab8696185fc", [:mix], []}}
